
Microsoft Visual Studio Solution File, Format Version 12.00
# Visual Studio Version 16
VisualStudioVersion = 16.0.32602.291
MinimumVisualStudioVersion = 10.0.40219.1
Project("{FAE04EC0-301F-11D3-BF4B-00C04F79EFBC}") = "PruebaApi.Entities", "PruebaApi.Entities\PruebaApi.Entities.csproj", "{3B1C7575-81A0-4BBA-8AAA-68BEE532FC6B}"
EndProject
Project("{FAE04EC0-301F-11D3-BF4B-00C04F79EFBC}") = "PruebaApi.BusinessLogic", "PruebaApi.BusinessLogic\PruebaApi.BusinessLogic.csproj", "{EC6C253C-543F-479A-BD3A-E78C0F246AF2}"
EndProject
Project("{FAE04EC0-301F-11D3-BF4B-00C04F79EFBC}") = "PruebaApi.DataAccess", "PruebaApi.DataAccess\PruebaApi.DataAccess.csproj", "{AB092712-5323-4D4E-86B8-F5F17A8DFD66}"
EndProject
Project("{FAE04EC0-301F-11D3-BF4B-00C04F79EFBC}") = "PruebaApi.Api", "PruebaApi.Api\PruebaApi.Api.csproj", "{AFCE20D1-C97C-4340-A8F1-D6E3641CAAE1}"
EndProject
Global
	GlobalSection(SolutionConfigurationPlatforms) = preSolution
		Debug|Any CPU = Debug|Any CPU
		Release|Any CPU = Release|Any CPU
	EndGlobalSection
	GlobalSection(ProjectConfigurationPlatforms) = postSolution
		{3B1C7575-81A0-4BBA-8AAA-68BEE532FC6B}.Debug|Any CPU.ActiveCfg = Debug|Any CPU
		{3B1C7575-81A0-4BBA-8AAA-68BEE532FC6B}.Debug|Any CPU.Build.0 = Debug|Any CPU
		{3B1C7575-81A0-4BBA-8AAA-68BEE532FC6B}.Release|Any CPU.ActiveCfg = Release|Any CPU
		{3B1C7575-81A0-4BBA-8AAA-68BEE532FC6B}.Release|Any CPU.Build.0 = Release|Any CPU
		{EC6C253C-543F-479A-BD3A-E78C0F246AF2}.Debug|Any CPU.ActiveCfg = Debug|Any CPU
		{EC6C253C-543F-479A-BD3A-E78C0F246AF2}.Debug|Any CPU.Build.0 = Debug|Any CPU
		{EC6C253C-543F-479A-BD3A-E78C0F246AF2}.Release|Any CPU.ActiveCfg = Release|Any CPU
		{EC6C253C-543F-479A-BD3A-E78C0F246AF2}.Release|Any CPU.Build.0 = Release|Any CPU
		{AB092712-5323-4D4E-86B8-F5F17A8DFD66}.Debug|Any CPU.ActiveCfg = Debug|Any CPU
		{AB092712-5323-4D4E-86B8-F5F17A8DFD66}.Debug|Any CPU.Build.0 = Debug|Any CPU
		{AB092712-5323-4D4E-86B8-F5F17A8DFD66}.Release|Any CPU.ActiveCfg = Release|Any CPU
		{AB092712-5323-4D4E-86B8-F5F17A8DFD66}.Release|Any CPU.Build.0 = Release|Any CPU
		{AFCE20D1-C97C-4340-A8F1-D6E3641CAAE1}.Debug|Any CPU.ActiveCfg = Debug|Any CPU
		{AFCE20D1-C97C-4340-A8F1-D6E3641CAAE1}.Debug|Any CPU.Build.0 = Debug|Any CPU
		{AFCE20D1-C97C-4340-A8F1-D6E3641CAAE1}.Release|Any CPU.ActiveCfg = Release|Any CPU
		{AFCE20D1-C97C-4340-A8F1-D6E3641CAAE1}.Release|Any CPU.Build.0 = Release|Any CPU
	EndGlobalSection
	GlobalSection(SolutionProperties) = preSolution
		HideSolutionNode = FALSE
	EndGlobalSection
	GlobalSection(ExtensibilityGlobals) = postSolution
		SolutionGuid = {071FA483-E003-490A-9DA8-2B073D8C3728}
	EndGlobalSection
EndGlobal
